
Microsoft Visual Studio Solution File, Format Version 12.00
# Visual Studio 15
VisualStudioVersion = 15.0.28307.421
MinimumVisualStudioVersion = 10.0.40219.1
Project("{FAE04EC0-301F-11D3-BF4B-00C04F79EFBC}") = "ASP_MEMBER_WORKSHOP", "ASP_MEMBER_WORKSHOP\ASP_MEMBER_WORKSHOP.csproj", "{C623CD68-B175-4FE0-A9CC-5FDD99CBFB68}"
EndProject
Global
	GlobalSection(SolutionConfigurationPlatforms) = preSolution
		Debug|Any CPU = Debug|Any CPU
		Release|Any CPU = Release|Any CPU
	EndGlobalSection
	GlobalSection(ProjectConfigurationPlatforms) = postSolution
		{C623CD68-B175-4FE0-A9CC-5FDD99CBFB68}.Debug|Any CPU.ActiveCfg = Debug|Any CPU
		{C623CD68-B175-4FE0-A9CC-5FDD99CBFB68}.Debug|Any CPU.Build.0 = Debug|Any CPU
		{C623CD68-B175-4FE0-A9CC-5FDD99CBFB68}.Release|Any CPU.ActiveCfg = Release|Any CPU
		{C623CD68-B175-4FE0-A9CC-5FDD99CBFB68}.Release|Any CPU.Build.0 = Release|Any CPU
	EndGlobalSection
	GlobalSection(SolutionProperties) = preSolution
		HideSolutionNode = FALSE
	EndGlobalSection
	GlobalSection(ExtensibilityGlobals) = postSolution
		SolutionGuid = {111BBC2A-9F35-4C0D-8ADC-3005ADD46644}
	EndGlobalSection
EndGlobal
